
Microsoft Visual Studio Solution File, Format Version 12.00
# Visual Studio 2012
Project("{FAE04EC0-301F-11D3-BF4B-00C04F79EFBC}") = "Interpreter", "Interpreter\Interpreter.csproj", "{F3F00064-63D5-4667-8897-C18237DD6B6F}"
EndProject
Project("{FAE04EC0-301F-11D3-BF4B-00C04F79EFBC}") = "GUI", "GUI\GUI.csproj", "{9A024B77-8B78-453F-B327-FBCB0735A93A}"
EndProject
Project("{FAE04EC0-301F-11D3-BF4B-00C04F79EFBC}") = "InterpreterTests", "InterpreterTests\InterpreterTests.csproj", "{D209A2C6-10B1-4485-8BAE-DF6CAC54B1A8}"
EndProject
Global
	GlobalSection(SolutionConfigurationPlatforms) = preSolution
		Debug|Any CPU = Debug|Any CPU
		Release|Any CPU = Release|Any CPU
	EndGlobalSection
	GlobalSection(ProjectConfigurationPlatforms) = postSolution
		{F3F00064-63D5-4667-8897-C18237DD6B6F}.Debug|Any CPU.ActiveCfg = Debug|Any CPU
		{F3F00064-63D5-4667-8897-C18237DD6B6F}.Debug|Any CPU.Build.0 = Debug|Any CPU
		{F3F00064-63D5-4667-8897-C18237DD6B6F}.Release|Any CPU.ActiveCfg = Release|Any CPU
		{F3F00064-63D5-4667-8897-C18237DD6B6F}.Release|Any CPU.Build.0 = Release|Any CPU
		{9A024B77-8B78-453F-B327-FBCB0735A93A}.Debug|Any CPU.ActiveCfg = Debug|Any CPU
		{9A024B77-8B78-453F-B327-FBCB0735A93A}.Debug|Any CPU.Build.0 = Debug|Any CPU
		{9A024B77-8B78-453F-B327-FBCB0735A93A}.Release|Any CPU.ActiveCfg = Release|Any CPU
		{9A024B77-8B78-453F-B327-FBCB0735A93A}.Release|Any CPU.Build.0 = Release|Any CPU
		{D209A2C6-10B1-4485-8BAE-DF6CAC54B1A8}.Debug|Any CPU.ActiveCfg = Debug|Any CPU
		{D209A2C6-10B1-4485-8BAE-DF6CAC54B1A8}.Debug|Any CPU.Build.0 = Debug|Any CPU
		{D209A2C6-10B1-4485-8BAE-DF6CAC54B1A8}.Release|Any CPU.ActiveCfg = Release|Any CPU
		{D209A2C6-10B1-4485-8BAE-DF6CAC54B1A8}.Release|Any CPU.Build.0 = Release|Any CPU
	EndGlobalSection
	GlobalSection(SolutionProperties) = preSolution
		HideSolutionNode = FALSE
	EndGlobalSection
EndGlobal
